// !$*UTF8*$!
{
	archiveVersion = 1;
	classes = {
	};
	objectVersion = 46;
	objects = {

/* Begin PBXBuildFile section */
		1E24CEE41E44CE31003DDCF1 /* AppDelegate.swift in Sources */ = {isa = PBXBuildFile; fileRef = 1E24CEE31E44CE31003DDCF1 /* AppDelegate.swift */; };
		1E24CEE61E44CE31003DDCF1 /* ViewController.swift in Sources */ = {isa = PBXBuildFile; fileRef = 1E24CEE51E44CE31003DDCF1 /* ViewController.swift */; };
		1E24CEE91E44CE31003DDCF1 /* Main.storyboard in Resources */ = {isa = PBXBuildFile; fileRef = 1E24CEE71E44CE31003DDCF1 /* Main.storyboard */; };
		1E24CEEB1E44CE31003DDCF1 /* Assets.xcassets in Resources */ = {isa = PBXBuildFile; fileRef = 1E24CEEA1E44CE31003DDCF1 /* Assets.xcassets */; };
		1E24CEEE1E44CE31003DDCF1 /* LaunchScreen.storyboard in Resources */ = {isa = PBXBuildFile; fileRef = 1E24CEEC1E44CE31003DDCF1 /* LaunchScreen.storyboard */; };
		1E24CF021E44CEDF003DDCF1 /* DragDropCollectionView.swift in Sources */ = {isa = PBXBuildFile; fileRef = 1E24CF001E44CEDF003DDCF1 /* DragDropCollectionView.swift */; };
		1E24CF031E44CEDF003DDCF1 /* DragDropCollectionViewCell.swift in Sources */ = {isa = PBXBuildFile; fileRef = 1E24CF011E44CEDF003DDCF1 /* DragDropCollectionViewCell.swift */; };
		1E24CF051E44CF12003DDCF1 /* CollectionViewCell.swift in Sources */ = {isa = PBXBuildFile; fileRef = 1E24CF041E44CF12003DDCF1 /* CollectionViewCell.swift */; };
		1E24CF071E44D187003DDCF1 /* UIView+Image.swift in Sources */ = {isa = PBXBuildFile; fileRef = 1E24CF061E44D187003DDCF1 /* UIView+Image.swift */; };
/* End PBXBuildFile section */

/* Begin PBXFileReference section */
		1E24CEE01E44CE31003DDCF1 /* DragDropCollection.app */ = {isa = PBXFileReference; explicitFileType = wrapper.application; includeInIndex = 0; path = DragDropCollection.app; sourceTree = BUILT_PRODUCTS_DIR; };
		1E24CEE31E44CE31003DDCF1 /* AppDelegate.swift */ = {isa = PBXFileReference; lastKnownFileType = sourcecode.swift; path = AppDelegate.swift; sourceTree = "<group>"; };
		1E24CEE51E44CE31003DDCF1 /* ViewController.swift */ = {isa = PBXFileReference; lastKnownFileType = sourcecode.swift; path = ViewController.swift; sourceTree = "<group>"; };
		1E24CEE81E44CE31003DDCF1 /* Base */ = {isa = PBXFileReference; lastKnownFileType = file.storyboard; name = Base; path = Base.lproj/Main.storyboard; sourceTree = "<group>"; };
		1E24CEEA1E44CE31003DDCF1 /* Assets.xcassets */ = {isa = PBXFileReference; lastKnownFileType = folder.assetcatalog; path = Assets.xcassets; sourceTree = "<group>"; };
		1E24CEED1E44CE31003DDCF1 /* Base */ = {isa = PBXFileReference; lastKnownFileType = file.storyboard; name = Base; path = Base.lproj/LaunchScreen.storyboard; sourceTree = "<group>"; };
		1E24CEEF1E44CE31003DDCF1 /* Info.plist */ = {isa = PBXFileReference; lastKnownFileType = text.plist.xml; path = Info.plist; sourceTree = "<group>"; };
		1E24CF001E44CEDF003DDCF1 /* DragDropCollectionView.swift */ = {isa = PBXFileReference; fileEncoding = 4; lastKnownFileType = sourcecode.swift; path = DragDropCollectionView.swift; sourceTree = "<group>"; };
		1E24CF011E44CEDF003DDCF1 /* DragDropCollectionViewCell.swift */ = {isa = PBXFileReference; fileEncoding = 4; lastKnownFileType = sourcecode.swift; path = DragDropCollectionViewCell.swift; sourceTree = "<group>"; };
		1E24CF041E44CF12003DDCF1 /* CollectionViewCell.swift */ = {isa = PBXFileReference; fileEncoding = 4; lastKnownFileType = sourcecode.swift; path = CollectionViewCell.swift; sourceTree = "<group>"; };
		1E24CF061E44D187003DDCF1 /* UIView+Image.swift */ = {isa = PBXFileReference; fileEncoding = 4; lastKnownFileType = sourcecode.swift; path = "UIView+Image.swift"; sourceTree = "<group>"; };
/* End PBXFileReference section */

/* Begin PBXFrameworksBuildPhase section */
		1E24CEDD1E44CE31003DDCF1 /* Frameworks */ = {
			isa = PBXFrameworksBuildPhase;
			buildActionMask = 2147483647;
			files = (
			);
			runOnlyForDeploymentPostprocessing = 0;
		};
/* End PBXFrameworksBuildPhase section */

/* Begin PBXGroup section */
		1E24CED71E44CE31003DDCF1 = {
			isa = PBXGroup;
			children = (
				1E24CEE21E44CE31003DDCF1 /* DragDropCollection */,
				1E24CEE11E44CE31003DDCF1 /* Products */,
			);
			sourceTree = "<group>";
		};
		1E24CEE11E44CE31003DDCF1 /* Products */ = {
			isa = PBXGroup;
			children = (
				1E24CEE01E44CE31003DDCF1 /* DragDropCollection.app */,
			);
			name = Products;
			sourceTree = "<group>";
		};
		1E24CEE21E44CE31003DDCF1 /* DragDropCollection */ = {
			isa = PBXGroup;
			children = (
				1E24CEFF1E44CEDF003DDCF1 /* Shared */,
				1E24CEE31E44CE31003DDCF1 /* AppDelegate.swift */,
				1E24CEE51E44CE31003DDCF1 /* ViewController.swift */,
				1E24CF041E44CF12003DDCF1 /* CollectionViewCell.swift */,
				1E24CEE71E44CE31003DDCF1 /* Main.storyboard */,
				1E24CEEA1E44CE31003DDCF1 /* Assets.xcassets */,
				1E24CEEC1E44CE31003DDCF1 /* LaunchScreen.storyboard */,
				1E24CEEF1E44CE31003DDCF1 /* Info.plist */,
			);
			path = DragDropCollection;
			sourceTree = "<group>";
		};
		1E24CEFF1E44CEDF003DDCF1 /* Shared */ = {
			isa = PBXGroup;
			children = (
				1E24CF001E44CEDF003DDCF1 /* DragDropCollectionView.swift */,
				1E24CF011E44CEDF003DDCF1 /* DragDropCollectionViewCell.swift */,
				1E24CF061E44D187003DDCF1 /* UIView+Image.swift */,
			);
			path = Shared;
			sourceTree = "<group>";
		};
/* End PBXGroup section */

/* Begin PBXNativeTarget section */
		1E24CEDF1E44CE31003DDCF1 /* DragDropCollection */ = {
			isa = PBXNativeTarget;
			buildConfigurationList = 1E24CEF21E44CE31003DDCF1 /* Build configuration list for PBXNativeTarget "DragDropCollection" */;
			buildPhases = (
				1E24CEDC1E44CE31003DDCF1 /* Sources */,
				1E24CEDD1E44CE31003DDCF1 /* Frameworks */,
				1E24CEDE1E44CE31003DDCF1 /* Resources */,
			);
			buildRules = (
			);
			dependencies = (
			);
			name = DragDropCollection;
			productName = DragDropCollection;
			productReference = 1E24CEE01E44CE31003DDCF1 /* DragDropCollection.app */;
			productType = "com.apple.product-type.application";
		};
/* End PBXNativeTarget section */

/* Begin PBXProject section */
		1E24CED81E44CE31003DDCF1 /* Project object */ = {
			isa = PBXProject;
			attributes = {
				LastSwiftUpdateCheck = 0820;
				LastUpgradeCheck = 0820;
				ORGANIZATIONNAME = Learning;
				TargetAttributes = {
					1E24CEDF1E44CE31003DDCF1 = {
						CreatedOnToolsVersion = 8.2.1;
						DevelopmentTeam = Z99T2HWAJ6;
						ProvisioningStyle = Automatic;
					};
				};
			};
			buildConfigurationList = 1E24CEDB1E44CE31003DDCF1 /* Build configuration list for PBXProject "DragDropCollection" */;
			compatibilityVersion = "Xcode 3.2";
			developmentRegion = English;
			hasScannedForEncodings = 0;
			knownRegions = (
				en,
				Base,
			);
			mainGroup = 1E24CED71E44CE31003DDCF1;
			productRefGroup = 1E24CEE11E44CE31003DDCF1 /* Products */;
			projectDirPath = "";
			projectRoot = "";
			targets = (
				1E24CEDF1E44CE31003DDCF1 /* DragDropCollection */,
			);
		};
/* End PBXProject section */

/* Begin PBXResourcesBuildPhase section */
		1E24CEDE1E44CE31003DDCF1 /* Resources */ = {
			isa = PBXResourcesBuildPhase;
			buildActionMask = 2147483647;
			files = (
				1E24CEEE1E44CE31003DDCF1 /* LaunchScreen.storyboard in Resources */,
				1E24CEEB1E44CE31003DDCF1 /* Assets.xcassets in Resources */,
				1E24CEE91E44CE31003DDCF1 /* Main.storyboard in Resources */,
			);
			runOnlyForDeploymentPostprocessing = 0;
		};
/* End PBXResourcesBuildPhase section */

/* Begin PBXSourcesBuildPhase section */
		1E24CEDC1E44CE31003DDCF1 /* Sources */ = {
			isa = PBXSourcesBuildPhase;
			buildActionMask = 2147483647;
			files = (
				1E24CF051E44CF12003DDCF1 /* CollectionViewCell.swift in Sources */,
				1E24CEE61E44CE31003DDCF1 /* ViewController.swift in Sources */,
				1E24CF021E44CEDF003DDCF1 /* DragDropCollectionView.swift in Sources */,
				1E24CF031E44CEDF003DDCF1 /* DragDropCollectionViewCell.swift in Sources */,
				1E24CF071E44D187003DDCF1 /* UIView+Image.swift in Sources */,
				1E24CEE41E44CE31003DDCF1 /* AppDelegate.swift in Sources */,
			);
			runOnlyForDeploymentPostprocessing = 0;
		};
/* End PBXSourcesBuildPhase section */

/* Begin PBXVariantGroup section */
		1E24CEE71E44CE31003DDCF1 /* Main.storyboard */ = {
			isa = PBXVariantGroup;
			children = (
				1E24CEE81E44CE31003DDCF1 /* Base */,
			);
			name = Main.storyboard;
			sourceTree = "<group>";
		};
		1E24CEEC1E44CE31003DDCF1 /* LaunchScreen.storyboard */ = {
			isa = PBXVariantGroup;
			children = (
				1E24CEED1E44CE31003DDCF1 /* Base */,
			);
			name = LaunchScreen.storyboard;
			sourceTree = "<group>";
		};
/* End PBXVariantGroup section */

/* Begin XCBuildConfiguration section */
		1E24CEF01E44CE31003DDCF1 /* Debug */ = {
			isa = XCBuildConfiguration;
			buildSettings = {
				ALWAYS_SEARCH_USER_PATHS = NO;
				CLANG_ANALYZER_NONNULL = YES;
				CLANG_CXX_LANGUAGE_STANDARD = "gnu++0x";
				CLANG_CXX_LIBRARY = "libc++";
				CLANG_ENABLE_MODULES = YES;
				CLANG_ENABLE_OBJC_ARC = YES;
				CLANG_WARN_BOOL_CONVERSION = YES;
				CLANG_WARN_CONSTANT_CONVERSION = YES;
				CLANG_WARN_DIRECT_OBJC_ISA_USAGE = YES_ERROR;
				CLANG_WARN_DOCUMENTATION_COMMENTS = YES;
				CLANG_WARN_EMPTY_BODY = YES;
				CLANG_WARN_ENUM_CONVERSION = YES;
				CLANG_WARN_INFINITE_RECURSION = YES;
				CLANG_WARN_INT_CONVERSION = YES;
				CLANG_WARN_OBJC_ROOT_CLASS = YES_ERROR;
				CLANG_WARN_SUSPICIOUS_MOVE = YES;
				CLANG_WARN_UNREACHABLE_CODE = YES;
				CLANG_WARN__DUPLICATE_METHOD_MATCH = YES;
				"CODE_SIGN_IDENTITY[sdk=iphoneos*]" = "iPhone Developer";
				COPY_PHASE_STRIP = NO;
				DEBUG_INFORMATION_FORMAT = dwarf;
				ENABLE_STRICT_OBJC_MSGSEND = YES;
				ENABLE_TESTABILITY = YES;
				GCC_C_LANGUAGE_STANDARD = gnu99;
				GCC_DYNAMIC_NO_PIC = NO;
				GCC_NO_COMMON_BLOCKS = YES;
				GCC_OPTIMIZATION_LEVEL = 0;
				GCC_PREPROCESSOR_DEFINITIONS = (
					"DEBUG=1",
					"$(inherited)",
				);
				GCC_WARN_64_TO_32_BIT_CONVERSION = YES;
				GCC_WARN_ABOUT_RETURN_TYPE = YES_ERROR;
				GCC_WARN_UNDECLARED_SELECTOR = YES;
				GCC_WARN_UNINITIALIZED_AUTOS = YES_AGGRESSIVE;
				GCC_WARN_UNUSED_FUNCTION = YES;
				GCC_WARN_UNUSED_VARIABLE = YES;
				IPHONEOS_DEPLOYMENT_TARGET = 10.2;
				MTL_ENABLE_DEBUG_INFO = YES;
				ONLY_ACTIVE_ARCH = YES;
				SDKROOT = iphoneos;
				SWIFT_ACTIVE_COMPILATION_CONDITIONS = DEBUG;
				SWIFT_OPTIMIZATION_LEVEL = "-Onone";
				TARGETED_DEVICE_FAMILY = "1,2";
			};
			name = Debug;
		};
		1E24CEF11E44CE31003DDCF1 /* Release */ = {
			isa = XCBuildConfiguration;
			buildSettings = {
				ALWAYS_SEARCH_USER_PATHS = NO;
				CLANG_ANALYZER_NONNULL = YES;
				CLANG_CXX_LANGUAGE_STANDARD = "gnu++0x";
				CLANG_CXX_LIBRARY = "libc++";
				CLANG_ENABLE_MODULES = YES;
				CLANG_ENABLE_OBJC_ARC = YES;
				CLANG_WARN_BOOL_CONVERSION = YES;
				CLANG_WARN_CONSTANT_CONVERSION = YES;
				CLANG_WARN_DIRECT_OBJC_ISA_USAGE = YES_ERROR;
				CLANG_WARN_DOCUMENTATION_COMMENTS = YES;
				CLANG_WARN_EMPTY_BODY = YES;
				CLANG_WARN_ENUM_CONVERSION = YES;
				CLANG_WARN_INFINITE_RECURSION = YES;
				CLANG_WARN_INT_CONVERSION = YES;
				CLANG_WARN_OBJC_ROOT_CLASS = YES_ERROR;
				CLANG_WARN_SUSPICIOUS_MOVE = YES;
				CLANG_WARN_UNREACHABLE_CODE = YES;
				CLANG_WARN__DUPLICATE_METHOD_MATCH = YES;
				"CODE_SIGN_IDENTITY[sdk=iphoneos*]" = "iPhone Developer";
				COPY_PHASE_STRIP = NO;
				DEBUG_INFORMATION_FORMAT = "dwarf-with-dsym";
				ENABLE_NS_ASSERTIONS = NO;
				ENABLE_STRICT_OBJC_MSGSEND = YES;
				GCC_C_LANGUAGE_STANDARD = gnu99;
				GCC_NO_COMMON_BLOCKS = YES;
				GCC_WARN_64_TO_32_BIT_CONVERSION = YES;
				GCC_WARN_ABOUT_RETURN_TYPE = YES_ERROR;
				GCC_WARN_UNDECLARED_SELECTOR = YES;
				GCC_WARN_UNINITIALIZED_AUTOS = YES_AGGRESSIVE;
				GCC_WARN_UNUSED_FUNCTION = YES;
				GCC_WARN_UNUSED_VARIABLE = YES;
				IPHONEOS_DEPLOYMENT_TARGET = 10.2;
				MTL_ENABLE_DEBUG_INFO = NO;
				SDKROOT = iphoneos;
				SWIFT_OPTIMIZATION_LEVEL = "-Owholemodule";
				TARGETED_DEVICE_FAMILY = "1,2";
				VALIDATE_PRODUCT = YES;
			};
			name = Release;
		};
		1E24CEF31E44CE31003DDCF1 /* Debug */ = {
			isa = XCBuildConfiguration;
			buildSettings = {
				ASSETCATALOG_COMPILER_APPICON_NAME = AppIcon;
				DEVELOPMENT_TEAM = Z99T2HWAJ6;
				INFOPLIST_FILE = DragDropCollection/Info.plist;
				LD_RUNPATH_SEARCH_PATHS = "$(inherited) @executable_path/Frameworks";
				PRODUCT_BUNDLE_IDENTIFIER = com.Learned.DragDropCollection;
				PRODUCT_NAME = "$(TARGET_NAME)";
				SWIFT_VERSION = 3.0;
			};
			name = Debug;
		};
		1E24CEF41E44CE31003DDCF1 /* Release */ = {
			isa = XCBuildConfiguration;
			buildSettings = {
				ASSETCATALOG_COMPILER_APPICON_NAME = AppIcon;
				DEVELOPMENT_TEAM = Z99T2HWAJ6;
				INFOPLIST_FILE = DragDropCollection/Info.plist;
				LD_RUNPATH_SEARCH_PATHS = "$(inherited) @executable_path/Frameworks";
				PRODUCT_BUNDLE_IDENTIFIER = com.Learned.DragDropCollection;
				PRODUCT_NAME = "$(TARGET_NAME)";
				SWIFT_VERSION = 3.0;
			};
			name = Release;
		};
/* End XCBuildConfiguration section */

/* Begin XCConfigurationList section */
		1E24CEDB1E44CE31003DDCF1 /* Build configuration list for PBXProject "DragDropCollection" */ = {
			isa = XCConfigurationList;
			buildConfigurations = (
				1E24CEF01E44CE31003DDCF1 /* Debug */,
				1E24CEF11E44CE31003DDCF1 /* Release */,
			);
			defaultConfigurationIsVisible = 0;
			defaultConfigurationName = Release;
		};
		1E24CEF21E44CE31003DDCF1 /* Build configuration list for PBXNativeTarget "DragDropCollection" */ = {
			isa = XCConfigurationList;
			buildConfigurations = (
				1E24CEF31E44CE31003DDCF1 /* Debug */,
				1E24CEF41E44CE31003DDCF1 /* Release */,
			);
			defaultConfigurationIsVisible = 0;
		};
/* End XCConfigurationList section */
	};
	rootObject = 1E24CED81E44CE31003DDCF1 /* Project object */;
}
